
Microsoft Visual Studio Solution File, Format Version 12.00
# Visual Studio Version 17
VisualStudioVersion = 17.5.002.0
MinimumVisualStudioVersion = 10.0.40219.1
Project("{9A19103F-16F7-4668-BE54-9A1E7A4F7556}") = "test_not_fucked", "test_not_fucked.csproj", "{29DEE1BF-31BE-4108-8C99-2E96E0E985C9}"
EndProject
Global
	GlobalSection(SolutionConfigurationPlatforms) = preSolution
		Debug|Any CPU = Debug|Any CPU
		Release|Any CPU = Release|Any CPU
	EndGlobalSection
	GlobalSection(ProjectConfigurationPlatforms) = postSolution
		{29DEE1BF-31BE-4108-8C99-2E96E0E985C9}.Debug|Any CPU.ActiveCfg = Debug|Any CPU
		{29DEE1BF-31BE-4108-8C99-2E96E0E985C9}.Debug|Any CPU.Build.0 = Debug|Any CPU
		{29DEE1BF-31BE-4108-8C99-2E96E0E985C9}.Release|Any CPU.ActiveCfg = Release|Any CPU
		{29DEE1BF-31BE-4108-8C99-2E96E0E985C9}.Release|Any CPU.Build.0 = Release|Any CPU
	EndGlobalSection
	GlobalSection(SolutionProperties) = preSolution
		HideSolutionNode = FALSE
	EndGlobalSection
	GlobalSection(ExtensibilityGlobals) = postSolution
		SolutionGuid = {14A1AFFA-8740-49A2-B08D-334FF72207B1}
	EndGlobalSection
EndGlobal
